
Microsoft Visual Studio Solution File, Format Version 12.00
# Visual Studio Version 17
VisualStudioVersion = 17.8.34525.116
MinimumVisualStudioVersion = 10.0.40219.1
Project("{FAE04EC0-301F-11D3-BF4B-00C04F79EFBC}") = "ClassLibraryPdfExporter", "ClassLibraryPdfExporter\ClassLibraryPdfExporter.csproj", "{7FAC8EBC-A98E-48A0-BB2B-E3B334A51B82}"
EndProject
Global
	GlobalSection(SolutionConfigurationPlatforms) = preSolution
		Debug|Any CPU = Debug|Any CPU
		Release|Any CPU = Release|Any CPU
	EndGlobalSection
	GlobalSection(ProjectConfigurationPlatforms) = postSolution
		{7FAC8EBC-A98E-48A0-BB2B-E3B334A51B82}.Debug|Any CPU.ActiveCfg = Debug|Any CPU
		{7FAC8EBC-A98E-48A0-BB2B-E3B334A51B82}.Debug|Any CPU.Build.0 = Debug|Any CPU
		{7FAC8EBC-A98E-48A0-BB2B-E3B334A51B82}.Release|Any CPU.ActiveCfg = Release|Any CPU
		{7FAC8EBC-A98E-48A0-BB2B-E3B334A51B82}.Release|Any CPU.Build.0 = Release|Any CPU
	EndGlobalSection
	GlobalSection(SolutionProperties) = preSolution
		HideSolutionNode = FALSE
	EndGlobalSection
	GlobalSection(ExtensibilityGlobals) = postSolution
		SolutionGuid = {F0064510-D24B-4C20-8D9C-C7710D3A1CB8}
	EndGlobalSection
EndGlobal
